
Microsoft Visual Studio Solution File, Format Version 12.00
# Visual Studio Version 16
VisualStudioVersion = 16.0.31205.134
MinimumVisualStudioVersion = 10.0.40219.1
Project("{FAE04EC0-301F-11D3-BF4B-00C04F79EFBC}") = "NEEIT", "NEEIT\NEEIT.csproj", "{90CED215-D6FA-48B2-9621-FB1A898AA5AE}"
EndProject
Global
	GlobalSection(SolutionConfigurationPlatforms) = preSolution
		Debug|Any CPU = Debug|Any CPU
		Release|Any CPU = Release|Any CPU
	EndGlobalSection
	GlobalSection(ProjectConfigurationPlatforms) = postSolution
		{90CED215-D6FA-48B2-9621-FB1A898AA5AE}.Debug|Any CPU.ActiveCfg = Debug|Any CPU
		{90CED215-D6FA-48B2-9621-FB1A898AA5AE}.Debug|Any CPU.Build.0 = Debug|Any CPU
		{90CED215-D6FA-48B2-9621-FB1A898AA5AE}.Release|Any CPU.ActiveCfg = Release|Any CPU
		{90CED215-D6FA-48B2-9621-FB1A898AA5AE}.Release|Any CPU.Build.0 = Release|Any CPU
	EndGlobalSection
	GlobalSection(SolutionProperties) = preSolution
		HideSolutionNode = FALSE
	EndGlobalSection
	GlobalSection(ExtensibilityGlobals) = postSolution
		SolutionGuid = {EF624C76-6B9A-4E74-952D-CF645D1EC3AA}
	EndGlobalSection
EndGlobal
